PODS:
  - ReachabilitySwift (4.3.1)

DEPENDENCIES:
  - ReachabilitySwift

SPEC REPOS:
  https://github.com/cocoapods/specs.git:
    - ReachabilitySwift

SPEC CHECKSUMS:
  ReachabilitySwift: 4032e2f59586e11e3b0ebe15b167abdd587a388b

PODFILE CHECKSUM: 10e7183782ce24f02b7246439c2b0741cd71008e

COCOAPODS: 1.5.3
