// !$*UTF8*$!
{
	archiveVersion = 1;
	classes = {
	};
	objectVersion = 50;
	objects = {

/* Begin PBXBuildFile section */
		6A7BA58FEFDFCB6FF64C7C85 /* Pods_PokemonExplorer.framework in Frameworks */ = {isa = PBXBuildFile; fileRef = 6D2644F57FEB20370617C6CF /* Pods_PokemonExplorer.framework */; };
		D655CCCD228AD5F400D839E4 /* PokemonExplorerTests.swift in Sources */ = {isa = PBXBuildFile; fileRef = D655CCCC228AD5F400D839E4 /* PokemonExplorerTests.swift */; };
		D655CCD5228AD71200D839E4 /* JokeTests.swift in Sources */ = {isa = PBXBuildFile; fileRef = D655CCD4228AD71200D839E4 /* JokeTests.swift */; };
		D655CCD7228ADFAD00D839E4 /* JokesVMTest.swift in Sources */ = {isa = PBXBuildFile; fileRef = D655CCD6228ADFAD00D839E4 /* JokesVMTest.swift */; };
		D65D8C9122884FF1002254A1 /* AppDelegate.swift in Sources */ = {isa = PBXBuildFile; fileRef = D65D8C9022884FF1002254A1 /* AppDelegate.swift */; };
		D65D8C9322884FF1002254A1 /* ViewController.swift in Sources */ = {isa = PBXBuildFile; fileRef = D65D8C9222884FF1002254A1 /* ViewController.swift */; };
		D65D8C9622884FF1002254A1 /* Main.storyboard in Resources */ = {isa = PBXBuildFile; fileRef = D65D8C9422884FF1002254A1 /* Main.storyboard */; };
		D65D8C9822884FF4002254A1 /* Assets.xcassets in Resources */ = {isa = PBXBuildFile; fileRef = D65D8C9722884FF4002254A1 /* Assets.xcassets */; };
		D65D8C9B22884FF4002254A1 /* LaunchScreen.storyboard in Resources */ = {isa = PBXBuildFile; fileRef = D65D8C9922884FF4002254A1 /* LaunchScreen.storyboard */; };
		D65D8CA7228855B3002254A1 /* Joke.swift in Sources */ = {isa = PBXBuildFile; fileRef = D65D8CA6228855B3002254A1 /* Joke.swift */; };
		D65D8CA9228856A1002254A1 /* JokesVM.swift in Sources */ = {isa = PBXBuildFile; fileRef = D65D8CA8228856A1002254A1 /* JokesVM.swift */; };
		D65D8CAB22885866002254A1 /* Constants.swift in Sources */ = {isa = PBXBuildFile; fileRef = D65D8CAA22885866002254A1 /* Constants.swift */; };
		D65DB4852289C0D300A00FFF /* Loader.swift in Sources */ = {isa = PBXBuildFile; fileRef = D65DB4842289C0D300A00FFF /* Loader.swift */; };
/* End PBXBuildFile section */

/* Begin PBXContainerItemProxy section */
		D655CCCF228AD5F400D839E4 /* PBXContainerItemProxy */ = {
			isa = PBXContainerItemProxy;
			containerPortal = D65D8C8522884FF1002254A1 /* Project object */;
			proxyType = 1;
			remoteGlobalIDString = D65D8C8C22884FF1002254A1;
			remoteInfo = PokemonExplorer;
		};
/* End PBXContainerItemProxy section */

/* Begin PBXFileReference section */
		6D2644F57FEB20370617C6CF /* Pods_PokemonExplorer.framework */ = {isa = PBXFileReference; explicitFileType = wrapper.framework; includeInIndex = 0; path = Pods_PokemonExplorer.framework; sourceTree = BUILT_PRODUCTS_DIR; };
		86642C149884273A579B4534 /* Pods-PokemonExplorer.debug.xcconfig */ = {isa = PBXFileReference; includeInIndex = 1; lastKnownFileType = text.xcconfig; name = "Pods-PokemonExplorer.debug.xcconfig"; path = "Pods/Target Support Files/Pods-PokemonExplorer/Pods-PokemonExplorer.debug.xcconfig"; sourceTree = "<group>"; };
		D655CCCA228AD5F400D839E4 /* PokemonExplorerTests.xctest */ = {isa = PBXFileReference; explicitFileType = wrapper.cfbundle; includeInIndex = 0; path = PokemonExplorerTests.xctest; sourceTree = BUILT_PRODUCTS_DIR; };
		D655CCCC228AD5F400D839E4 /* PokemonExplorerTests.swift */ = {isa = PBXFileReference; lastKnownFileType = sourcecode.swift; path = PokemonExplorerTests.swift; sourceTree = "<group>"; };
		D655CCCE228AD5F400D839E4 /* Info.plist */ = {isa = PBXFileReference; lastKnownFileType = text.plist.xml; path = Info.plist; sourceTree = "<group>"; };
		D655CCD4228AD71200D839E4 /* JokeTests.swift */ = {isa = PBXFileReference; lastKnownFileType = sourcecode.swift; path = JokeTests.swift; sourceTree = "<group>"; };
		D655CCD6228ADFAD00D839E4 /* JokesVMTest.swift */ = {isa = PBXFileReference; lastKnownFileType = sourcecode.swift; path = JokesVMTest.swift; sourceTree = "<group>"; };
		D65D8C8D22884FF1002254A1 /* PokemonExplorer.app */ = {isa = PBXFileReference; explicitFileType = wrapper.application; includeInIndex = 0; path = PokemonExplorer.app; sourceTree = BUILT_PRODUCTS_DIR; };
		D65D8C9022884FF1002254A1 /* AppDelegate.swift */ = {isa = PBXFileReference; lastKnownFileType = sourcecode.swift; path = AppDelegate.swift; sourceTree = "<group>"; };
		D65D8C9222884FF1002254A1 /* ViewController.swift */ = {isa = PBXFileReference; lastKnownFileType = sourcecode.swift; path = ViewController.swift; sourceTree = "<group>"; };
		D65D8C9522884FF1002254A1 /* Base */ = {isa = PBXFileReference; lastKnownFileType = file.storyboard; name = Base; path = Base.lproj/Main.storyboard; sourceTree = "<group>"; };
		D65D8C9722884FF4002254A1 /* Assets.xcassets */ = {isa = PBXFileReference; lastKnownFileType = folder.assetcatalog; path = Assets.xcassets; sourceTree = "<group>"; };
		D65D8C9A22884FF4002254A1 /* Base */ = {isa = PBXFileReference; lastKnownFileType = file.storyboard; name = Base; path = Base.lproj/LaunchScreen.storyboard; sourceTree = "<group>"; };
		D65D8C9C22884FF4002254A1 /* Info.plist */ = {isa = PBXFileReference; lastKnownFileType = text.plist.xml; path = Info.plist; sourceTree = "<group>"; };
		D65D8CA6228855B3002254A1 /* Joke.swift */ = {isa = PBXFileReference; lastKnownFileType = sourcecode.swift; path = Joke.swift; sourceTree = "<group>"; };
		D65D8CA8228856A1002254A1 /* JokesVM.swift */ = {isa = PBXFileReference; lastKnownFileType = sourcecode.swift; path = JokesVM.swift; sourceTree = "<group>"; };
		D65D8CAA22885866002254A1 /* Constants.swift */ = {isa = PBXFileReference; lastKnownFileType = sourcecode.swift; path = Constants.swift; sourceTree = "<group>"; };
		D65DB4842289C0D300A00FFF /* Loader.swift */ = {isa = PBXFileReference; lastKnownFileType = sourcecode.swift; path = Loader.swift; sourceTree = "<group>"; };
		F75F3C935941E60ECDE60FB9 /* Pods-PokemonExplorer.release.xcconfig */ = {isa = PBXFileReference; includeInIndex = 1; lastKnownFileType = text.xcconfig; name = "Pods-PokemonExplorer.release.xcconfig"; path = "Pods/Target Support Files/Pods-PokemonExplorer/Pods-PokemonExplorer.release.xcconfig"; sourceTree = "<group>"; };
/* End PBXFileReference section */

/* Begin PBXFrameworksBuildPhase section */
		D655CCC7228AD5F400D839E4 /* Frameworks */ = {
			isa = PBXFrameworksBuildPhase;
			buildActionMask = 2147483647;
			files = (
			);
			runOnlyForDeploymentPostprocessing = 0;
		};
		D65D8C8A22884FF1002254A1 /* Frameworks */ = {
			isa = PBXFrameworksBuildPhase;
			buildActionMask = 2147483647;
			files = (
				6A7BA58FEFDFCB6FF64C7C85 /* Pods_PokemonExplorer.framework in Frameworks */,
			);
			runOnlyForDeploymentPostprocessing = 0;
		};
/* End PBXFrameworksBuildPhase section */

/* Begin PBXGroup section */
		BB03A272AACB94E869D7331F /* Pods */ = {
			isa = PBXGroup;
			children = (
				86642C149884273A579B4534 /* Pods-PokemonExplorer.debug.xcconfig */,
				F75F3C935941E60ECDE60FB9 /* Pods-PokemonExplorer.release.xcconfig */,
			);
			name = Pods;
			sourceTree = "<group>";
		};
		D655CCCB228AD5F400D839E4 /* PokemonExplorerTests */ = {
			isa = PBXGroup;
			children = (
				D655CCCC228AD5F400D839E4 /* PokemonExplorerTests.swift */,
				D655CCD4228AD71200D839E4 /* JokeTests.swift */,
				D655CCD6228ADFAD00D839E4 /* JokesVMTest.swift */,
				D655CCCE228AD5F400D839E4 /* Info.plist */,
			);
			path = PokemonExplorerTests;
			sourceTree = "<group>";
		};
		D65D8C8422884FF1002254A1 = {
			isa = PBXGroup;
			children = (
				D65D8C8F22884FF1002254A1 /* PokemonExplorer */,
				D655CCCB228AD5F400D839E4 /* PokemonExplorerTests */,
				D65D8C8E22884FF1002254A1 /* Products */,
				BB03A272AACB94E869D7331F /* Pods */,
				F5A658991884593E0C334EBE /* Frameworks */,
			);
			sourceTree = "<group>";
		};
		D65D8C8E22884FF1002254A1 /* Products */ = {
			isa = PBXGroup;
			children = (
				D65D8C8D22884FF1002254A1 /* PokemonExplorer.app */,
				D655CCCA228AD5F400D839E4 /* PokemonExplorerTests.xctest */,
			);
			name = Products;
			sourceTree = "<group>";
		};
		D65D8C8F22884FF1002254A1 /* PokemonExplorer */ = {
			isa = PBXGroup;
			children = (
				D65D8C9022884FF1002254A1 /* AppDelegate.swift */,
				D65D8CAA22885866002254A1 /* Constants.swift */,
				D65DB4832289C0AD00A00FFF /* Loader */,
				D65D8CA522885466002254A1 /* ViewModels */,
				D65D8CA42288545F002254A1 /* Models */,
				D65D8CA32288545A002254A1 /* Views */,
				D65D8CA222885451002254A1 /* Controllers */,
				D65D8C9722884FF4002254A1 /* Assets.xcassets */,
				D65D8C9922884FF4002254A1 /* LaunchScreen.storyboard */,
				D65D8C9C22884FF4002254A1 /* Info.plist */,
			);
			path = PokemonExplorer;
			sourceTree = "<group>";
		};
		D65D8CA222885451002254A1 /* Controllers */ = {
			isa = PBXGroup;
			children = (
				D65D8C9222884FF1002254A1 /* ViewController.swift */,
			);
			path = Controllers;
			sourceTree = "<group>";
		};
		D65D8CA32288545A002254A1 /* Views */ = {
			isa = PBXGroup;
			children = (
				D65D8C9422884FF1002254A1 /* Main.storyboard */,
			);
			path = Views;
			sourceTree = "<group>";
		};
		D65D8CA42288545F002254A1 /* Models */ = {
			isa = PBXGroup;
			children = (
				D65D8CA6228855B3002254A1 /* Joke.swift */,
			);
			path = Models;
			sourceTree = "<group>";
		};
		D65D8CA522885466002254A1 /* ViewModels */ = {
			isa = PBXGroup;
			children = (
				D65D8CA8228856A1002254A1 /* JokesVM.swift */,
			);
			path = ViewModels;
			sourceTree = "<group>";
		};
		D65DB4832289C0AD00A00FFF /* Loader */ = {
			isa = PBXGroup;
			children = (
				D65DB4842289C0D300A00FFF /* Loader.swift */,
			);
			path = Loader;
			sourceTree = "<group>";
		};
		F5A658991884593E0C334EBE /* Frameworks */ = {
			isa = PBXGroup;
			children = (
				6D2644F57FEB20370617C6CF /* Pods_PokemonExplorer.framework */,
			);
			name = Frameworks;
			sourceTree = "<group>";
		};
/* End PBXGroup section */

/* Begin PBXNativeTarget section */
		D655CCC9228AD5F400D839E4 /* PokemonExplorerTests */ = {
			isa = PBXNativeTarget;
			buildConfigurationList = D655CCD1228AD5F400D839E4 /* Build configuration list for PBXNativeTarget "PokemonExplorerTests" */;
			buildPhases = (
				D655CCC6228AD5F400D839E4 /* Sources */,
				D655CCC7228AD5F400D839E4 /* Frameworks */,
				D655CCC8228AD5F400D839E4 /* Resources */,
			);
			buildRules = (
			);
			dependencies = (
				D655CCD0228AD5F400D839E4 /* PBXTargetDependency */,
			);
			name = PokemonExplorerTests;
			productName = PokemonExplorerTests;
			productReference = D655CCCA228AD5F400D839E4 /* PokemonExplorerTests.xctest */;
			productType = "com.apple.product-type.bundle.unit-test";
		};
		D65D8C8C22884FF1002254A1 /* PokemonExplorer */ = {
			isa = PBXNativeTarget;
			buildConfigurationList = D65D8C9F22884FF4002254A1 /* Build configuration list for PBXNativeTarget "PokemonExplorer" */;
			buildPhases = (
				954FBF96E38FF89F7246F25A /* [CP] Check Pods Manifest.lock */,
				D65D8C8922884FF1002254A1 /* Sources */,
				D65D8C8A22884FF1002254A1 /* Frameworks */,
				D65D8C8B22884FF1002254A1 /* Resources */,
				59C91373079689196F1DD676 /* [CP] Embed Pods Frameworks */,
			);
			buildRules = (
			);
			dependencies = (
			);
			name = PokemonExplorer;
			productName = PokemonExplorer;
			productReference = D65D8C8D22884FF1002254A1 /* PokemonExplorer.app */;
			productType = "com.apple.product-type.application";
		};
/* End PBXNativeTarget section */

/* Begin PBXProject section */
		D65D8C8522884FF1002254A1 /* Project object */ = {
			isa = PBXProject;
			attributes = {
				LastSwiftUpdateCheck = 1010;
				LastUpgradeCheck = 1010;
				ORGANIZATIONNAME = "Ivy-Mobility";
				TargetAttributes = {
					D655CCC9228AD5F400D839E4 = {
						CreatedOnToolsVersion = 10.1;
						TestTargetID = D65D8C8C22884FF1002254A1;
					};
					D65D8C8C22884FF1002254A1 = {
						CreatedOnToolsVersion = 10.1;
					};
				};
			};
			buildConfigurationList = D65D8C8822884FF1002254A1 /* Build configuration list for PBXProject "PokemonExplorer" */;
			compatibilityVersion = "Xcode 9.3";
			developmentRegion = en;
			hasScannedForEncodings = 0;
			knownRegions = (
				en,
				Base,
			);
			mainGroup = D65D8C8422884FF1002254A1;
			productRefGroup = D65D8C8E22884FF1002254A1 /* Products */;
			projectDirPath = "";
			projectRoot = "";
			targets = (
				D65D8C8C22884FF1002254A1 /* PokemonExplorer */,
				D655CCC9228AD5F400D839E4 /* PokemonExplorerTests */,
			);
		};
/* End PBXProject section */

/* Begin PBXResourcesBuildPhase section */
		D655CCC8228AD5F400D839E4 /* Resources */ = {
			isa = PBXResourcesBuildPhase;
			buildActionMask = 2147483647;
			files = (
			);
			runOnlyForDeploymentPostprocessing = 0;
		};
		D65D8C8B22884FF1002254A1 /* Resources */ = {
			isa = PBXResourcesBuildPhase;
			buildActionMask = 2147483647;
			files = (
				D65D8C9B22884FF4002254A1 /* LaunchScreen.storyboard in Resources */,
				D65D8C9822884FF4002254A1 /* Assets.xcassets in Resources */,
				D65D8C9622884FF1002254A1 /* Main.storyboard in Resources */,
			);
			runOnlyForDeploymentPostprocessing = 0;
		};
/* End PBXResourcesBuildPhase section */

/* Begin PBXShellScriptBuildPhase section */
		59C91373079689196F1DD676 /* [CP] Embed Pods Frameworks */ = {
			isa = PBXShellScriptBuildPhase;
			buildActionMask = 2147483647;
			files = (
			);
			inputPaths = (
				"${SRCROOT}/Pods/Target Support Files/Pods-PokemonExplorer/Pods-PokemonExplorer-frameworks.sh",
				"${BUILT_PRODUCTS_DIR}/ReachabilitySwift/Reachability.framework",
			);
			name = "[CP] Embed Pods Frameworks";
			outputPaths = (
				"${TARGET_BUILD_DIR}/${FRAMEWORKS_FOLDER_PATH}/Reachability.framework",
			);
			runOnlyForDeploymentPostprocessing = 0;
			shellPath = /bin/sh;
			shellScript = "\"${SRCROOT}/Pods/Target Support Files/Pods-PokemonExplorer/Pods-PokemonExplorer-frameworks.sh\"\n";
			showEnvVarsInLog = 0;
		};
		954FBF96E38FF89F7246F25A /* [CP] Check Pods Manifest.lock */ = {
			isa = PBXShellScriptBuildPhase;
			buildActionMask = 2147483647;
			files = (
			);
			inputPaths = (
				"${PODS_PODFILE_DIR_PATH}/Podfile.lock",
				"${PODS_ROOT}/Manifest.lock",
			);
			name = "[CP] Check Pods Manifest.lock";
			outputPaths = (
				"$(DERIVED_FILE_DIR)/Pods-PokemonExplorer-checkManifestLockResult.txt",
			);
			runOnlyForDeploymentPostprocessing = 0;
			shellPath = /bin/sh;
			shellScript = "diff \"${PODS_PODFILE_DIR_PATH}/Podfile.lock\" \"${PODS_ROOT}/Manifest.lock\" > /dev/null\nif [ $? != 0 ] ; then\n    # print error to STDERR\n    echo \"error: The sandbox is not in sync with the Podfile.lock. Run 'pod install' or update your CocoaPods installation.\" >&2\n    exit 1\nfi\n# This output is used by Xcode 'outputs' to avoid re-running this script phase.\necho \"SUCCESS\" > \"${SCRIPT_OUTPUT_FILE_0}\"\n";
			showEnvVarsInLog = 0;
		};
/* End PBXShellScriptBuildPhase section */

/* Begin PBXSourcesBuildPhase section */
		D655CCC6228AD5F400D839E4 /* Sources */ = {
			isa = PBXSourcesBuildPhase;
			buildActionMask = 2147483647;
			files = (
				D655CCD5228AD71200D839E4 /* JokeTests.swift in Sources */,
				D655CCD7228ADFAD00D839E4 /* JokesVMTest.swift in Sources */,
				D655CCCD228AD5F400D839E4 /* PokemonExplorerTests.swift in Sources */,
			);
			runOnlyForDeploymentPostprocessing = 0;
		};
		D65D8C8922884FF1002254A1 /* Sources */ = {
			isa = PBXSourcesBuildPhase;
			buildActionMask = 2147483647;
			files = (
				D65D8CAB22885866002254A1 /* Constants.swift in Sources */,
				D65D8C9322884FF1002254A1 /* ViewController.swift in Sources */,
				D65DB4852289C0D300A00FFF /* Loader.swift in Sources */,
				D65D8C9122884FF1002254A1 /* AppDelegate.swift in Sources */,
				D65D8CA7228855B3002254A1 /* Joke.swift in Sources */,
				D65D8CA9228856A1002254A1 /* JokesVM.swift in Sources */,
			);
			runOnlyForDeploymentPostprocessing = 0;
		};
/* End PBXSourcesBuildPhase section */

/* Begin PBXTargetDependency section */
		D655CCD0228AD5F400D839E4 /* PBXTargetDependency */ = {
			isa = PBXTargetDependency;
			target = D65D8C8C22884FF1002254A1 /* PokemonExplorer */;
			targetProxy = D655CCCF228AD5F400D839E4 /* PBXContainerItemProxy */;
		};
/* End PBXTargetDependency section */

/* Begin PBXVariantGroup section */
		D65D8C9422884FF1002254A1 /* Main.storyboard */ = {
			isa = PBXVariantGroup;
			children = (
				D65D8C9522884FF1002254A1 /* Base */,
			);
			name = Main.storyboard;
			sourceTree = "<group>";
		};
		D65D8C9922884FF4002254A1 /* LaunchScreen.storyboard */ = {
			isa = PBXVariantGroup;
			children = (
				D65D8C9A22884FF4002254A1 /* Base */,
			);
			name = LaunchScreen.storyboard;
			sourceTree = "<group>";
		};
/* End PBXVariantGroup section */

/* Begin XCBuildConfiguration section */
		D655CCD2228AD5F400D839E4 /* Debug */ = {
			isa = XCBuildConfiguration;
			buildSettings = {
				BUNDLE_LOADER = "$(TEST_HOST)";
				CODE_SIGN_STYLE = Automatic;
				INFOPLIST_FILE = PokemonExplorerTests/Info.plist;
				LD_RUNPATH_SEARCH_PATHS = (
					"$(inherited)",
					"@executable_path/Frameworks",
					"@loader_path/Frameworks",
				);
				PRODUCT_BUNDLE_IDENTIFIER = com.ivymobility.PokemonExplorerTests;
				PRODUCT_NAME = "$(TARGET_NAME)";
				SWIFT_VERSION = 4.2;
				TARGETED_DEVICE_FAMILY = "1,2";
				TEST_HOST = "$(BUILT_PRODUCTS_DIR)/PokemonExplorer.app/PokemonExplorer";
			};
			name = Debug;
		};
		D655CCD3228AD5F400D839E4 /* Release */ = {
			isa = XCBuildConfiguration;
			buildSettings = {
				BUNDLE_LOADER = "$(TEST_HOST)";
				CODE_SIGN_STYLE = Automatic;
				INFOPLIST_FILE = PokemonExplorerTests/Info.plist;
				LD_RUNPATH_SEARCH_PATHS = (
					"$(inherited)",
					"@executable_path/Frameworks",
					"@loader_path/Frameworks",
				);
				PRODUCT_BUNDLE_IDENTIFIER = com.ivymobility.PokemonExplorerTests;
				PRODUCT_NAME = "$(TARGET_NAME)";
				SWIFT_VERSION = 4.2;
				TARGETED_DEVICE_FAMILY = "1,2";
				TEST_HOST = "$(BUILT_PRODUCTS_DIR)/PokemonExplorer.app/PokemonExplorer";
			};
			name = Release;
		};
		D65D8C9D22884FF4002254A1 /* Debug */ = {
			isa = XCBuildConfiguration;
			buildSettings = {
				ALWAYS_SEARCH_USER_PATHS = NO;
				CLANG_ANALYZER_NONNULL = YES;
				CLANG_ANALYZER_NUMBER_OBJECT_CONVERSION = YES_AGGRESSIVE;
				CLANG_CXX_LANGUAGE_STANDARD = "gnu++14";
				CLANG_CXX_LIBRARY = "libc++";
				CLANG_ENABLE_MODULES = YES;
				CLANG_ENABLE_OBJC_ARC = YES;
				CLANG_ENABLE_OBJC_WEAK = YES;
				CLANG_WARN_BLOCK_CAPTURE_AUTORELEASING = YES;
				CLANG_WARN_BOOL_CONVERSION = YES;
				CLANG_WARN_COMMA = YES;
				CLANG_WARN_CONSTANT_CONVERSION = YES;
				CLANG_WARN_DEPRECATED_OBJC_IMPLEMENTATIONS = YES;
				CLANG_WARN_DIRECT_OBJC_ISA_USAGE = YES_ERROR;
				CLANG_WARN_DOCUMENTATION_COMMENTS = YES;
				CLANG_WARN_EMPTY_BODY = YES;
				CLANG_WARN_ENUM_CONVERSION = YES;
				CLANG_WARN_INFINITE_RECURSION = YES;
				CLANG_WARN_INT_CONVERSION = YES;
				CLANG_WARN_NON_LITERAL_NULL_CONVERSION = YES;
				CLANG_WARN_OBJC_IMPLICIT_RETAIN_SELF = YES;
				CLANG_WARN_OBJC_LITERAL_CONVERSION = YES;
				CLANG_WARN_OBJC_ROOT_CLASS = YES_ERROR;
				CLANG_WARN_RANGE_LOOP_ANALYSIS = YES;
				CLANG_WARN_STRICT_PROTOTYPES = YES;
				CLANG_WARN_SUSPICIOUS_MOVE = YES;
				CLANG_WARN_UNGUARDED_AVAILABILITY = YES_AGGRESSIVE;
				CLANG_WARN_UNREACHABLE_CODE = YES;
				CLANG_WARN__DUPLICATE_METHOD_MATCH = YES;
				CODE_SIGN_IDENTITY = "iPhone Developer";
				COPY_PHASE_STRIP = NO;
				DEBUG_INFORMATION_FORMAT = dwarf;
				ENABLE_STRICT_OBJC_MSGSEND = YES;
				ENABLE_TESTABILITY = YES;
				GCC_C_LANGUAGE_STANDARD = gnu11;
				GCC_DYNAMIC_NO_PIC = NO;
				GCC_NO_COMMON_BLOCKS = YES;
				GCC_OPTIMIZATION_LEVEL = 0;
				GCC_PREPROCESSOR_DEFINITIONS = (
					"DEBUG=1",
					"$(inherited)",
				);
				GCC_WARN_64_TO_32_BIT_CONVERSION = YES;
				GCC_WARN_ABOUT_RETURN_TYPE = YES_ERROR;
				GCC_WARN_UNDECLARED_SELECTOR = YES;
				GCC_WARN_UNINITIALIZED_AUTOS = YES_AGGRESSIVE;
				GCC_WARN_UNUSED_FUNCTION = YES;
				GCC_WARN_UNUSED_VARIABLE = YES;
				IPHONEOS_DEPLOYMENT_TARGET = 12.1;
				MTL_ENABLE_DEBUG_INFO = INCLUDE_SOURCE;
				MTL_FAST_MATH = YES;
				ONLY_ACTIVE_ARCH = YES;
				SDKROOT = iphoneos;
				SWIFT_ACTIVE_COMPILATION_CONDITIONS = DEBUG;
				SWIFT_OPTIMIZATION_LEVEL = "-Onone";
			};
			name = Debug;
		};
		D65D8C9E22884FF4002254A1 /* Release */ = {
			isa = XCBuildConfiguration;
			buildSettings = {
				ALWAYS_SEARCH_USER_PATHS = NO;
				CLANG_ANALYZER_NONNULL = YES;
				CLANG_ANALYZER_NUMBER_OBJECT_CONVERSION = YES_AGGRESSIVE;
				CLANG_CXX_LANGUAGE_STANDARD = "gnu++14";
				CLANG_CXX_LIBRARY = "libc++";
				CLANG_ENABLE_MODULES = YES;
				CLANG_ENABLE_OBJC_ARC = YES;
				CLANG_ENABLE_OBJC_WEAK = YES;
				CLANG_WARN_BLOCK_CAPTURE_AUTORELEASING = YES;
				CLANG_WARN_BOOL_CONVERSION = YES;
				CLANG_WARN_COMMA = YES;
				CLANG_WARN_CONSTANT_CONVERSION = YES;
				CLANG_WARN_DEPRECATED_OBJC_IMPLEMENTATIONS = YES;
				CLANG_WARN_DIRECT_OBJC_ISA_USAGE = YES_ERROR;
				CLANG_WARN_DOCUMENTATION_COMMENTS = YES;
				CLANG_WARN_EMPTY_BODY = YES;
				CLANG_WARN_ENUM_CONVERSION = YES;
				CLANG_WARN_INFINITE_RECURSION = YES;
				CLANG_WARN_INT_CONVERSION = YES;
				CLANG_WARN_NON_LITERAL_NULL_CONVERSION = YES;
				CLANG_WARN_OBJC_IMPLICIT_RETAIN_SELF = YES;
				CLANG_WARN_OBJC_LITERAL_CONVERSION = YES;
				CLANG_WARN_OBJC_ROOT_CLASS = YES_ERROR;
				CLANG_WARN_RANGE_LOOP_ANALYSIS = YES;
				CLANG_WARN_STRICT_PROTOTYPES = YES;
				CLANG_WARN_SUSPICIOUS_MOVE = YES;
				CLANG_WARN_UNGUARDED_AVAILABILITY = YES_AGGRESSIVE;
				CLANG_WARN_UNREACHABLE_CODE = YES;
				CLANG_WARN__DUPLICATE_METHOD_MATCH = YES;
				CODE_SIGN_IDENTITY = "iPhone Developer";
				COPY_PHASE_STRIP = NO;
				DEBUG_INFORMATION_FORMAT = "dwarf-with-dsym";
				ENABLE_NS_ASSERTIONS = NO;
				ENABLE_STRICT_OBJC_MSGSEND = YES;
				GCC_C_LANGUAGE_STANDARD = gnu11;
				GCC_NO_COMMON_BLOCKS = YES;
				GCC_WARN_64_TO_32_BIT_CONVERSION = YES;
				GCC_WARN_ABOUT_RETURN_TYPE = YES_ERROR;
				GCC_WARN_UNDECLARED_SELECTOR = YES;
				GCC_WARN_UNINITIALIZED_AUTOS = YES_AGGRESSIVE;
				GCC_WARN_UNUSED_FUNCTION = YES;
				GCC_WARN_UNUSED_VARIABLE = YES;
				IPHONEOS_DEPLOYMENT_TARGET = 12.1;
				MTL_ENABLE_DEBUG_INFO = NO;
				MTL_FAST_MATH = YES;
				SDKROOT = iphoneos;
				SWIFT_COMPILATION_MODE = wholemodule;
				SWIFT_OPTIMIZATION_LEVEL = "-O";
				VALIDATE_PRODUCT = YES;
			};
			name = Release;
		};
		D65D8CA022884FF4002254A1 /* Debug */ = {
			isa = XCBuildConfiguration;
			baseConfigurationReference = 86642C149884273A579B4534 /* Pods-PokemonExplorer.debug.xcconfig */;
			buildSettings = {
				ASSETCATALOG_COMPILER_APPICON_NAME = AppIcon;
				CODE_SIGN_STYLE = Automatic;
				INFOPLIST_FILE = PokemonExplorer/Info.plist;
				LD_RUNPATH_SEARCH_PATHS = (
					"$(inherited)",
					"@executable_path/Frameworks",
				);
				PRODUCT_BUNDLE_IDENTIFIER = com.ivymobility.PokemonExplorer;
				PRODUCT_NAME = "$(TARGET_NAME)";
				SWIFT_VERSION = 4.2;
				TARGETED_DEVICE_FAMILY = "1,2";
			};
			name = Debug;
		};
		D65D8CA122884FF4002254A1 /* Release */ = {
			isa = XCBuildConfiguration;
			baseConfigurationReference = F75F3C935941E60ECDE60FB9 /* Pods-PokemonExplorer.release.xcconfig */;
			buildSettings = {
				ASSETCATALOG_COMPILER_APPICON_NAME = AppIcon;
				CODE_SIGN_STYLE = Automatic;
				INFOPLIST_FILE = PokemonExplorer/Info.plist;
				LD_RUNPATH_SEARCH_PATHS = (
					"$(inherited)",
					"@executable_path/Frameworks",
				);
				PRODUCT_BUNDLE_IDENTIFIER = com.ivymobility.PokemonExplorer;
				PRODUCT_NAME = "$(TARGET_NAME)";
				SWIFT_VERSION = 4.2;
				TARGETED_DEVICE_FAMILY = "1,2";
			};
			name = Release;
		};
/* End XCBuildConfiguration section */

/* Begin XCConfigurationList section */
		D655CCD1228AD5F400D839E4 /* Build configuration list for PBXNativeTarget "PokemonExplorerTests" */ = {
			isa = XCConfigurationList;
			buildConfigurations = (
				D655CCD2228AD5F400D839E4 /* Debug */,
				D655CCD3228AD5F400D839E4 /* Release */,
			);
			defaultConfigurationIsVisible = 0;
			defaultConfigurationName = Release;
		};
		D65D8C8822884FF1002254A1 /* Build configuration list for PBXProject "PokemonExplorer" */ = {
			isa = XCConfigurationList;
			buildConfigurations = (
				D65D8C9D22884FF4002254A1 /* Debug */,
				D65D8C9E22884FF4002254A1 /* Release */,
			);
			defaultConfigurationIsVisible = 0;
			defaultConfigurationName = Release;
		};
		D65D8C9F22884FF4002254A1 /* Build configuration list for PBXNativeTarget "PokemonExplorer" */ = {
			isa = XCConfigurationList;
			buildConfigurations = (
				D65D8CA022884FF4002254A1 /* Debug */,
				D65D8CA122884FF4002254A1 /* Release */,
			);
			defaultConfigurationIsVisible = 0;
			defaultConfigurationName = Release;
		};
/* End XCConfigurationList section */
	};
	rootObject = D65D8C8522884FF1002254A1 /* Project object */;
}
